
Microsoft Visual Studio Solution File, Format Version 12.00
# Visual Studio Version 16
VisualStudioVersion = 16.0.30011.22
MinimumVisualStudioVersion = 10.0.40219.1
Project("{9A19103F-16F7-4668-BE54-9A1E7A4F7556}") = "BeerCalculatorClassLibrary", "BeerCalculatorClassLibrary\BeerCalculatorClassLibrary.csproj", "{F8B3AA23-CDB0-4F7A-AEC3-BC87AD12D516}"
EndProject
Project("{FAE04EC0-301F-11D3-BF4B-00C04F79EFBC}") = "BeerCalculatorWinForms", "BeerCalculatorWinForms\BeerCalculatorWinForms.csproj", "{9C2A9406-7072-47DB-84BC-4B8F084D2FE1}"
EndProject
Global
	GlobalSection(SolutionConfigurationPlatforms) = preSolution
		Debug|Any CPU = Debug|Any CPU
		Release|Any CPU = Release|Any CPU
	EndGlobalSection
	GlobalSection(ProjectConfigurationPlatforms) = postSolution
		{F8B3AA23-CDB0-4F7A-AEC3-BC87AD12D516}.Debug|Any CPU.ActiveCfg = Debug|Any CPU
		{F8B3AA23-CDB0-4F7A-AEC3-BC87AD12D516}.Debug|Any CPU.Build.0 = Debug|Any CPU
		{F8B3AA23-CDB0-4F7A-AEC3-BC87AD12D516}.Release|Any CPU.ActiveCfg = Release|Any CPU
		{F8B3AA23-CDB0-4F7A-AEC3-BC87AD12D516}.Release|Any CPU.Build.0 = Release|Any CPU
		{9C2A9406-7072-47DB-84BC-4B8F084D2FE1}.Debug|Any CPU.ActiveCfg = Debug|Any CPU
		{9C2A9406-7072-47DB-84BC-4B8F084D2FE1}.Debug|Any CPU.Build.0 = Debug|Any CPU
		{9C2A9406-7072-47DB-84BC-4B8F084D2FE1}.Release|Any CPU.ActiveCfg = Release|Any CPU
		{9C2A9406-7072-47DB-84BC-4B8F084D2FE1}.Release|Any CPU.Build.0 = Release|Any CPU
	EndGlobalSection
	GlobalSection(SolutionProperties) = preSolution
		HideSolutionNode = FALSE
	EndGlobalSection
	GlobalSection(ExtensibilityGlobals) = postSolution
		SolutionGuid = {60DAC0DA-FAAA-4CDF-92B9-104087722FF8}
	EndGlobalSection
EndGlobal
